// !$*UTF8*$!
{
	archiveVersion = 1;
	classes = {
	};
	objectVersion = 46;
	objects = {

/* Begin PBXBuildFile section */
		ECB4BA60171B216300F6E00E /* UIKit.framework in Frameworks */ = {isa = PBXBuildFile; fileRef = ECB4BA5F171B216300F6E00E /* UIKit.framework */; };
		ECB4BA62171B216300F6E00E /* Foundation.framework in Frameworks */ = {isa = PBXBuildFile; fileRef = ECB4BA61171B216300F6E00E /* Foundation.framework */; };
		ECB4BA64171B216300F6E00E /* CoreGraphics.framework in Frameworks */ = {isa = PBXBuildFile; fileRef = ECB4BA63171B216300F6E00E /* CoreGraphics.framework */; };
		ECB4BA6A171B216300F6E00E /* InfoPlist.strings in Resources */ = {isa = PBXBuildFile; fileRef = ECB4BA68171B216300F6E00E /* InfoPlist.strings */; };
		ECB4BA6C171B216300F6E00E /* main.m in Sources */ = {isa = PBXBuildFile; fileRef = ECB4BA6B171B216300F6E00E /* main.m */; };
		ECB4BA70171B216300F6E00E /* DatePickerAppDelegate.m in Sources */ = {isa = PBXBuildFile; fileRef = ECB4BA6F171B216300F6E00E /* DatePickerAppDelegate.m */; };
		ECB4BA72171B216300F6E00E /* Default.png in Resources */ = {isa = PBXBuildFile; fileRef = ECB4BA71171B216300F6E00E /* Default.png */; };
		ECB4BA74171B216300F6E00E /* Default@2x.png in Resources */ = {isa = PBXBuildFile; fileRef = ECB4BA73171B216300F6E00E /* Default@2x.png */; };
		ECB4BA76171B216300F6E00E /* Default-568h@2x.png in Resources */ = {isa = PBXBuildFile; fileRef = ECB4BA75171B216300F6E00E /* Default-568h@2x.png */; };
		ECB4BA79171B216300F6E00E /* MainStoryboard.storyboard in Resources */ = {isa = PBXBuildFile; fileRef = ECB4BA77171B216300F6E00E /* MainStoryboard.storyboard */; };
		ECB4BA7C171B216300F6E00E /* DatePickerViewController.m in Sources */ = {isa = PBXBuildFile; fileRef = ECB4BA7B171B216300F6E00E /* DatePickerViewController.m */; };
/* End PBXBuildFile section */

/* Begin PBXFileReference section */
		ECB4BA5C171B216300F6E00E /* DatePicker.app */ = {isa = PBXFileReference; explicitFileType = wrapper.application; includeInIndex = 0; path = DatePicker.app; sourceTree = BUILT_PRODUCTS_DIR; };
		ECB4BA5F171B216300F6E00E /* UIKit.framework */ = {isa = PBXFileReference; lastKnownFileType = wrapper.framework; name = UIKit.framework; path = System/Library/Frameworks/UIKit.framework; sourceTree = SDKROOT; };
		ECB4BA61171B216300F6E00E /* Foundation.framework */ = {isa = PBXFileReference; lastKnownFileType = wrapper.framework; name = Foundation.framework; path = System/Library/Frameworks/Foundation.framework; sourceTree = SDKROOT; };
		ECB4BA63171B216300F6E00E /* CoreGraphics.framework */ = {isa = PBXFileReference; lastKnownFileType = wrapper.framework; name = CoreGraphics.framework; path = System/Library/Frameworks/CoreGraphics.framework; sourceTree = SDKROOT; };
		ECB4BA67171B216300F6E00E /* DatePicker-Info.plist */ = {isa = PBXFileReference; lastKnownFileType = text.plist.xml; path = "DatePicker-Info.plist"; sourceTree = "<group>"; };
		ECB4BA69171B216300F6E00E /* en */ = {isa = PBXFileReference; lastKnownFileType = text.plist.strings; name = en; path = en.lproj/InfoPlist.strings; sourceTree = "<group>"; };
		ECB4BA6B171B216300F6E00E /* main.m */ = {isa = PBXFileReference; lastKnownFileType = sourcecode.c.objc; path = main.m; sourceTree = "<group>"; };
		ECB4BA6D171B216300F6E00E /* DatePicker-Prefix.pch */ = {isa = PBXFileReference; lastKnownFileType = sourcecode.c.h; path = "DatePicker-Prefix.pch"; sourceTree = "<group>"; };
		ECB4BA6E171B216300F6E00E /* DatePickerAppDelegate.h */ = {isa = PBXFileReference; lastKnownFileType = sourcecode.c.h; path = DatePickerAppDelegate.h; sourceTree = "<group>"; };
		ECB4BA6F171B216300F6E00E /* DatePickerAppDelegate.m */ = {isa = PBXFileReference; lastKnownFileType = sourcecode.c.objc; path = DatePickerAppDelegate.m; sourceTree = "<group>"; };
		ECB4BA71171B216300F6E00E /* Default.png */ = {isa = PBXFileReference; lastKnownFileType = image.png; path = Default.png; sourceTree = "<group>"; };
		ECB4BA73171B216300F6E00E /* Default@2x.png */ = {isa = PBXFileReference; lastKnownFileType = image.png; path = "Default@2x.png"; sourceTree = "<group>"; };
		ECB4BA75171B216300F6E00E /* Default-568h@2x.png */ = {isa = PBXFileReference; lastKnownFileType = image.png; path = "Default-568h@2x.png"; sourceTree = "<group>"; };
		ECB4BA78171B216300F6E00E /* en */ = {isa = PBXFileReference; lastKnownFileType = file.storyboard; name = en; path = en.lproj/MainStoryboard.storyboard; sourceTree = "<group>"; };
		ECB4BA7A171B216300F6E00E /* DatePickerViewController.h */ = {isa = PBXFileReference; lastKnownFileType = sourcecode.c.h; path = DatePickerViewController.h; sourceTree = "<group>"; };
		ECB4BA7B171B216300F6E00E /* DatePickerViewController.m */ = {isa = PBXFileReference; lastKnownFileType = sourcecode.c.objc; path = DatePickerViewController.m; sourceTree = "<group>"; };
/* End PBXFileReference section */

/* Begin PBXFrameworksBuildPhase section */
		ECB4BA59171B216300F6E00E /* Frameworks */ = {
			isa = PBXFrameworksBuildPhase;
			buildActionMask = 2147483647;
			files = (
				ECB4BA60171B216300F6E00E /* UIKit.framework in Frameworks */,
				ECB4BA62171B216300F6E00E /* Foundation.framework in Frameworks */,
				ECB4BA64171B216300F6E00E /* CoreGraphics.framework in Frameworks */,
			);
			runOnlyForDeploymentPostprocessing = 0;
		};
/* End PBXFrameworksBuildPhase section */

/* Begin PBXGroup section */
		ECB4BA53171B216300F6E00E = {
			isa = PBXGroup;
			children = (
				ECB4BA65171B216300F6E00E /* DatePicker */,
				ECB4BA5E171B216300F6E00E /* Frameworks */,
				ECB4BA5D171B216300F6E00E /* Products */,
			);
			sourceTree = "<group>";
		};
		ECB4BA5D171B216300F6E00E /* Products */ = {
			isa = PBXGroup;
			children = (
				ECB4BA5C171B216300F6E00E /* DatePicker.app */,
			);
			name = Products;
			sourceTree = "<group>";
		};
		ECB4BA5E171B216300F6E00E /* Frameworks */ = {
			isa = PBXGroup;
			children = (
				ECB4BA5F171B216300F6E00E /* UIKit.framework */,
				ECB4BA61171B216300F6E00E /* Foundation.framework */,
				ECB4BA63171B216300F6E00E /* CoreGraphics.framework */,
			);
			name = Frameworks;
			sourceTree = "<group>";
		};
		ECB4BA65171B216300F6E00E /* DatePicker */ = {
			isa = PBXGroup;
			children = (
				ECB4BA6E171B216300F6E00E /* DatePickerAppDelegate.h */,
				ECB4BA6F171B216300F6E00E /* DatePickerAppDelegate.m */,
				ECB4BA77171B216300F6E00E /* MainStoryboard.storyboard */,
				ECB4BA7A171B216300F6E00E /* DatePickerViewController.h */,
				ECB4BA7B171B216300F6E00E /* DatePickerViewController.m */,
				ECB4BA66171B216300F6E00E /* Supporting Files */,
			);
			path = DatePicker;
			sourceTree = "<group>";
		};
		ECB4BA66171B216300F6E00E /* Supporting Files */ = {
			isa = PBXGroup;
			children = (
				ECB4BA67171B216300F6E00E /* DatePicker-Info.plist */,
				ECB4BA68171B216300F6E00E /* InfoPlist.strings */,
				ECB4BA6B171B216300F6E00E /* main.m */,
				ECB4BA6D171B216300F6E00E /* DatePicker-Prefix.pch */,
				ECB4BA71171B216300F6E00E /* Default.png */,
				ECB4BA73171B216300F6E00E /* Default@2x.png */,
				ECB4BA75171B216300F6E00E /* Default-568h@2x.png */,
			);
			name = "Supporting Files";
			sourceTree = "<group>";
		};
/* End PBXGroup section */

/* Begin PBXNativeTarget section */
		ECB4BA5B171B216300F6E00E /* DatePicker */ = {
			isa = PBXNativeTarget;
			buildConfigurationList = ECB4BA7F171B216300F6E00E /* Build configuration list for PBXNativeTarget "DatePicker" */;
			buildPhases = (
				ECB4BA58171B216300F6E00E /* Sources */,
				ECB4BA59171B216300F6E00E /* Frameworks */,
				ECB4BA5A171B216300F6E00E /* Resources */,
			);
			buildRules = (
			);
			dependencies = (
			);
			name = DatePicker;
			productName = DatePicker;
			productReference = ECB4BA5C171B216300F6E00E /* DatePicker.app */;
			productType = "com.apple.product-type.application";
		};
/* End PBXNativeTarget section */

/* Begin PBXProject section */
		ECB4BA54171B216300F6E00E /* Project object */ = {
			isa = PBXProject;
			attributes = {
				CLASSPREFIX = DatePicker;
				LastUpgradeCheck = 0460;
				ORGANIZATIONNAME = "Anthony DeFrancesco";
			};
			buildConfigurationList = ECB4BA57171B216300F6E00E /* Build configuration list for PBXProject "DatePicker" */;
			compatibilityVersion = "Xcode 3.2";
			developmentRegion = English;
			hasScannedForEncodings = 0;
			knownRegions = (
				en,
			);
			mainGroup = ECB4BA53171B216300F6E00E;
			productRefGroup = ECB4BA5D171B216300F6E00E /* Products */;
			projectDirPath = "";
			projectRoot = "";
			targets = (
				ECB4BA5B171B216300F6E00E /* DatePicker */,
			);
		};
/* End PBXProject section */

/* Begin PBXResourcesBuildPhase section */
		ECB4BA5A171B216300F6E00E /* Resources */ = {
			isa = PBXResourcesBuildPhase;
			buildActionMask = 2147483647;
			files = (
				ECB4BA6A171B216300F6E00E /* InfoPlist.strings in Resources */,
				ECB4BA72171B216300F6E00E /* Default.png in Resources */,
				ECB4BA74171B216300F6E00E /* Default@2x.png in Resources */,
				ECB4BA76171B216300F6E00E /* Default-568h@2x.png in Resources */,
				ECB4BA79171B216300F6E00E /* MainStoryboard.storyboard in Resources */,
			);
			runOnlyForDeploymentPostprocessing = 0;
		};
/* End PBXResourcesBuildPhase section */

/* Begin PBXSourcesBuildPhase section */
		ECB4BA58171B216300F6E00E /* Sources */ = {
			isa = PBXSourcesBuildPhase;
			buildActionMask = 2147483647;
			files = (
				ECB4BA6C171B216300F6E00E /* main.m in Sources */,
				ECB4BA70171B216300F6E00E /* DatePickerAppDelegate.m in Sources */,
				ECB4BA7C171B216300F6E00E /* DatePickerViewController.m in Sources */,
			);
			runOnlyForDeploymentPostprocessing = 0;
		};
/* End PBXSourcesBuildPhase section */

/* Begin PBXVariantGroup section */
		ECB4BA68171B216300F6E00E /* InfoPlist.strings */ = {
			isa = PBXVariantGroup;
			children = (
				ECB4BA69171B216300F6E00E /* en */,
			);
			name = InfoPlist.strings;
			sourceTree = "<group>";
		};
		ECB4BA77171B216300F6E00E /* MainStoryboard.storyboard */ = {
			isa = PBXVariantGroup;
			children = (
				ECB4BA78171B216300F6E00E /* en */,
			);
			name = MainStoryboard.storyboard;
			sourceTree = "<group>";
		};
/* End PBXVariantGroup section */

/* Begin XCBuildConfiguration section */
		ECB4BA7D171B216300F6E00E /* Debug */ = {
			isa = XCBuildConfiguration;
			buildSettings = {
				ALWAYS_SEARCH_USER_PATHS = NO;
				CLANG_CXX_LANGUAGE_STANDARD = "gnu++0x";
				CLANG_CXX_LIBRARY = "libc++";
				CLANG_ENABLE_OBJC_ARC = YES;
				CLANG_WARN_CONSTANT_CONVERSION = YES;
				CLANG_WARN_EMPTY_BODY = YES;
				CLANG_WARN_ENUM_CONVERSION = YES;
				CLANG_WARN_INT_CONVERSION = YES;
				CLANG_WARN__DUPLICATE_METHOD_MATCH = YES;
				"CODE_SIGN_IDENTITY[sdk=iphoneos*]" = "iPhone Developer";
				COPY_PHASE_STRIP = NO;
				GCC_C_LANGUAGE_STANDARD = gnu99;
				GCC_DYNAMIC_NO_PIC = NO;
				GCC_OPTIMIZATION_LEVEL = 0;
				GCC_PREPROCESSOR_DEFINITIONS = (
					"DEBUG=1",
					"$(inherited)",
				);
				GCC_SYMBOLS_PRIVATE_EXTERN = NO;
				GCC_WARN_ABOUT_RETURN_TYPE = YES;
				GCC_WARN_UNINITIALIZED_AUTOS = YES;
				GCC_WARN_UNUSED_VARIABLE = YES;
				IPHONEOS_DEPLOYMENT_TARGET = 6.1;
				ONLY_ACTIVE_ARCH = YES;
				SDKROOT = iphoneos;
			};
			name = Debug;
		};
		ECB4BA7E171B216300F6E00E /* Release */ = {
			isa = XCBuildConfiguration;
			buildSettings = {
				ALWAYS_SEARCH_USER_PATHS = NO;
				CLANG_CXX_LANGUAGE_STANDARD = "gnu++0x";
				CLANG_CXX_LIBRARY = "libc++";
				CLANG_ENABLE_OBJC_ARC = YES;
				CLANG_WARN_CONSTANT_CONVERSION = YES;
				CLANG_WARN_EMPTY_BODY = YES;
				CLANG_WARN_ENUM_CONVERSION = YES;
				CLANG_WARN_INT_CONVERSION = YES;
				CLANG_WARN__DUPLICATE_METHOD_MATCH = YES;
				"CODE_SIGN_IDENTITY[sdk=iphoneos*]" = "iPhone Developer";
				COPY_PHASE_STRIP = YES;
				GCC_C_LANGUAGE_STANDARD = gnu99;
				GCC_WARN_ABOUT_RETURN_TYPE = YES;
				GCC_WARN_UNINITIALIZED_AUTOS = YES;
				GCC_WARN_UNUSED_VARIABLE = YES;
				IPHONEOS_DEPLOYMENT_TARGET = 6.1;
				OTHER_CFLAGS = "-DNS_BLOCK_ASSERTIONS=1";
				SDKROOT = iphoneos;
				VALIDATE_PRODUCT = YES;
			};
			name = Release;
		};
		ECB4BA80171B216300F6E00E /* Debug */ = {
			isa = XCBuildConfiguration;
			buildSettings = {
				GCC_PRECOMPILE_PREFIX_HEADER = YES;
				GCC_PREFIX_HEADER = "DatePicker/DatePicker-Prefix.pch";
				INFOPLIST_FILE = "DatePicker/DatePicker-Info.plist";
				PRODUCT_NAME = "$(TARGET_NAME)";
				WRAPPER_EXTENSION = app;
			};
			name = Debug;
		};
		ECB4BA81171B216300F6E00E /* Release */ = {
			isa = XCBuildConfiguration;
			buildSettings = {
				GCC_PRECOMPILE_PREFIX_HEADER = YES;
				GCC_PREFIX_HEADER = "DatePicker/DatePicker-Prefix.pch";
				INFOPLIST_FILE = "DatePicker/DatePicker-Info.plist";
				PRODUCT_NAME = "$(TARGET_NAME)";
				WRAPPER_EXTENSION = app;
			};
			name = Release;
		};
/* End XCBuildConfiguration section */

/* Begin XCConfigurationList section */
		ECB4BA57171B216300F6E00E /* Build configuration list for PBXProject "DatePicker" */ = {
			isa = XCConfigurationList;
			buildConfigurations = (
				ECB4BA7D171B216300F6E00E /* Debug */,
				ECB4BA7E171B216300F6E00E /* Release */,
			);
			defaultConfigurationIsVisible = 0;
			defaultConfigurationName = Release;
		};
		ECB4BA7F171B216300F6E00E /* Build configuration list for PBXNativeTarget "DatePicker" */ = {
			isa = XCConfigurationList;
			buildConfigurations = (
				ECB4BA80171B216300F6E00E /* Debug */,
				ECB4BA81171B216300F6E00E /* Release */,
			);
			defaultConfigurationIsVisible = 0;
		};
/* End XCConfigurationList section */
	};
	rootObject = ECB4BA54171B216300F6E00E /* Project object */;
}
