// !$*UTF8*$!
{
	archiveVersion = 1;
	classes = {
	};
	objectVersion = 46;
	objects = {

/* Begin PBXBuildFile section */
		ECB4BA8F171B262A00F6E00E /* UIKit.framework in Frameworks */ = {isa = PBXBuildFile; fileRef = ECB4BA8E171B262A00F6E00E /* UIKit.framework */; };
		ECB4BA91171B262A00F6E00E /* Foundation.framework in Frameworks */ = {isa = PBXBuildFile; fileRef = ECB4BA90171B262A00F6E00E /* Foundation.framework */; };
		ECB4BA93171B262A00F6E00E /* CoreGraphics.framework in Frameworks */ = {isa = PBXBuildFile; fileRef = ECB4BA92171B262A00F6E00E /* CoreGraphics.framework */; };
		ECB4BA99171B262A00F6E00E /* InfoPlist.strings in Resources */ = {isa = PBXBuildFile; fileRef = ECB4BA97171B262A00F6E00E /* InfoPlist.strings */; };
		ECB4BA9B171B262B00F6E00E /* main.m in Sources */ = {isa = PBXBuildFile; fileRef = ECB4BA9A171B262A00F6E00E /* main.m */; };
		ECB4BA9F171B262B00F6E00E /* PickerAppDelegate.m in Sources */ = {isa = PBXBuildFile; fileRef = ECB4BA9E171B262B00F6E00E /* PickerAppDelegate.m */; };
		ECB4BAA1171B262B00F6E00E /* Default.png in Resources */ = {isa = PBXBuildFile; fileRef = ECB4BAA0171B262B00F6E00E /* Default.png */; };
		ECB4BAA3171B262B00F6E00E /* Default@2x.png in Resources */ = {isa = PBXBuildFile; fileRef = ECB4BAA2171B262B00F6E00E /* Default@2x.png */; };
		ECB4BAA5171B262B00F6E00E /* Default-568h@2x.png in Resources */ = {isa = PBXBuildFile; fileRef = ECB4BAA4171B262B00F6E00E /* Default-568h@2x.png */; };
		ECB4BAA8171B262B00F6E00E /* MainStoryboard.storyboard in Resources */ = {isa = PBXBuildFile; fileRef = ECB4BAA6171B262B00F6E00E /* MainStoryboard.storyboard */; };
		ECB4BAAB171B262B00F6E00E /* PickerViewController.m in Sources */ = {isa = PBXBuildFile; fileRef = ECB4BAAA171B262B00F6E00E /* PickerViewController.m */; };
/* End PBXBuildFile section */

/* Begin PBXFileReference section */
		ECB4BA8B171B262A00F6E00E /* Picker.app */ = {isa = PBXFileReference; explicitFileType = wrapper.application; includeInIndex = 0; path = Picker.app; sourceTree = BUILT_PRODUCTS_DIR; };
		ECB4BA8E171B262A00F6E00E /* UIKit.framework */ = {isa = PBXFileReference; lastKnownFileType = wrapper.framework; name = UIKit.framework; path = System/Library/Frameworks/UIKit.framework; sourceTree = SDKROOT; };
		ECB4BA90171B262A00F6E00E /* Foundation.framework */ = {isa = PBXFileReference; lastKnownFileType = wrapper.framework; name = Foundation.framework; path = System/Library/Frameworks/Foundation.framework; sourceTree = SDKROOT; };
		ECB4BA92171B262A00F6E00E /* CoreGraphics.framework */ = {isa = PBXFileReference; lastKnownFileType = wrapper.framework; name = CoreGraphics.framework; path = System/Library/Frameworks/CoreGraphics.framework; sourceTree = SDKROOT; };
		ECB4BA96171B262A00F6E00E /* Picker-Info.plist */ = {isa = PBXFileReference; lastKnownFileType = text.plist.xml; path = "Picker-Info.plist"; sourceTree = "<group>"; };
		ECB4BA98171B262A00F6E00E /* en */ = {isa = PBXFileReference; lastKnownFileType = text.plist.strings; name = en; path = en.lproj/InfoPlist.strings; sourceTree = "<group>"; };
		ECB4BA9A171B262A00F6E00E /* main.m */ = {isa = PBXFileReference; lastKnownFileType = sourcecode.c.objc; path = main.m; sourceTree = "<group>"; };
		ECB4BA9C171B262B00F6E00E /* Picker-Prefix.pch */ = {isa = PBXFileReference; lastKnownFileType = sourcecode.c.h; path = "Picker-Prefix.pch"; sourceTree = "<group>"; };
		ECB4BA9D171B262B00F6E00E /* PickerAppDelegate.h */ = {isa = PBXFileReference; lastKnownFileType = sourcecode.c.h; path = PickerAppDelegate.h; sourceTree = "<group>"; };
		ECB4BA9E171B262B00F6E00E /* PickerAppDelegate.m */ = {isa = PBXFileReference; lastKnownFileType = sourcecode.c.objc; path = PickerAppDelegate.m; sourceTree = "<group>"; };
		ECB4BAA0171B262B00F6E00E /* Default.png */ = {isa = PBXFileReference; lastKnownFileType = image.png; path = Default.png; sourceTree = "<group>"; };
		ECB4BAA2171B262B00F6E00E /* Default@2x.png */ = {isa = PBXFileReference; lastKnownFileType = image.png; path = "Default@2x.png"; sourceTree = "<group>"; };
		ECB4BAA4171B262B00F6E00E /* Default-568h@2x.png */ = {isa = PBXFileReference; lastKnownFileType = image.png; path = "Default-568h@2x.png"; sourceTree = "<group>"; };
		ECB4BAA7171B262B00F6E00E /* en */ = {isa = PBXFileReference; lastKnownFileType = file.storyboard; name = en; path = en.lproj/MainStoryboard.storyboard; sourceTree = "<group>"; };
		ECB4BAA9171B262B00F6E00E /* PickerViewController.h */ = {isa = PBXFileReference; lastKnownFileType = sourcecode.c.h; path = PickerViewController.h; sourceTree = "<group>"; };
		ECB4BAAA171B262B00F6E00E /* PickerViewController.m */ = {isa = PBXFileReference; lastKnownFileType = sourcecode.c.objc; path = PickerViewController.m; sourceTree = "<group>"; };
/* End PBXFileReference section */

/* Begin PBXFrameworksBuildPhase section */
		ECB4BA88171B262A00F6E00E /* Frameworks */ = {
			isa = PBXFrameworksBuildPhase;
			buildActionMask = 2147483647;
			files = (
				ECB4BA8F171B262A00F6E00E /* UIKit.framework in Frameworks */,
				ECB4BA91171B262A00F6E00E /* Foundation.framework in Frameworks */,
				ECB4BA93171B262A00F6E00E /* CoreGraphics.framework in Frameworks */,
			);
			runOnlyForDeploymentPostprocessing = 0;
		};
/* End PBXFrameworksBuildPhase section */

/* Begin PBXGroup section */
		ECB4BA82171B262A00F6E00E = {
			isa = PBXGroup;
			children = (
				ECB4BA94171B262A00F6E00E /* Picker */,
				ECB4BA8D171B262A00F6E00E /* Frameworks */,
				ECB4BA8C171B262A00F6E00E /* Products */,
			);
			sourceTree = "<group>";
		};
		ECB4BA8C171B262A00F6E00E /* Products */ = {
			isa = PBXGroup;
			children = (
				ECB4BA8B171B262A00F6E00E /* Picker.app */,
			);
			name = Products;
			sourceTree = "<group>";
		};
		ECB4BA8D171B262A00F6E00E /* Frameworks */ = {
			isa = PBXGroup;
			children = (
				ECB4BA8E171B262A00F6E00E /* UIKit.framework */,
				ECB4BA90171B262A00F6E00E /* Foundation.framework */,
				ECB4BA92171B262A00F6E00E /* CoreGraphics.framework */,
			);
			name = Frameworks;
			sourceTree = "<group>";
		};
		ECB4BA94171B262A00F6E00E /* Picker */ = {
			isa = PBXGroup;
			children = (
				ECB4BA9D171B262B00F6E00E /* PickerAppDelegate.h */,
				ECB4BA9E171B262B00F6E00E /* PickerAppDelegate.m */,
				ECB4BAA6171B262B00F6E00E /* MainStoryboard.storyboard */,
				ECB4BAA9171B262B00F6E00E /* PickerViewController.h */,
				ECB4BAAA171B262B00F6E00E /* PickerViewController.m */,
				ECB4BA95171B262A00F6E00E /* Supporting Files */,
			);
			path = Picker;
			sourceTree = "<group>";
		};
		ECB4BA95171B262A00F6E00E /* Supporting Files */ = {
			isa = PBXGroup;
			children = (
				ECB4BA96171B262A00F6E00E /* Picker-Info.plist */,
				ECB4BA97171B262A00F6E00E /* InfoPlist.strings */,
				ECB4BA9A171B262A00F6E00E /* main.m */,
				ECB4BA9C171B262B00F6E00E /* Picker-Prefix.pch */,
				ECB4BAA0171B262B00F6E00E /* Default.png */,
				ECB4BAA2171B262B00F6E00E /* Default@2x.png */,
				ECB4BAA4171B262B00F6E00E /* Default-568h@2x.png */,
			);
			name = "Supporting Files";
			sourceTree = "<group>";
		};
/* End PBXGroup section */

/* Begin PBXNativeTarget section */
		ECB4BA8A171B262A00F6E00E /* Picker */ = {
			isa = PBXNativeTarget;
			buildConfigurationList = ECB4BAAE171B262B00F6E00E /* Build configuration list for PBXNativeTarget "Picker" */;
			buildPhases = (
				ECB4BA87171B262A00F6E00E /* Sources */,
				ECB4BA88171B262A00F6E00E /* Frameworks */,
				ECB4BA89171B262A00F6E00E /* Resources */,
			);
			buildRules = (
			);
			dependencies = (
			);
			name = Picker;
			productName = Picker;
			productReference = ECB4BA8B171B262A00F6E00E /* Picker.app */;
			productType = "com.apple.product-type.application";
		};
/* End PBXNativeTarget section */

/* Begin PBXProject section */
		ECB4BA83171B262A00F6E00E /* Project object */ = {
			isa = PBXProject;
			attributes = {
				CLASSPREFIX = Picker;
				LastUpgradeCheck = 0460;
				ORGANIZATIONNAME = "Anthony DeFrancesco";
			};
			buildConfigurationList = ECB4BA86171B262A00F6E00E /* Build configuration list for PBXProject "Picker" */;
			compatibilityVersion = "Xcode 3.2";
			developmentRegion = English;
			hasScannedForEncodings = 0;
			knownRegions = (
				en,
			);
			mainGroup = ECB4BA82171B262A00F6E00E;
			productRefGroup = ECB4BA8C171B262A00F6E00E /* Products */;
			projectDirPath = "";
			projectRoot = "";
			targets = (
				ECB4BA8A171B262A00F6E00E /* Picker */,
			);
		};
/* End PBXProject section */

/* Begin PBXResourcesBuildPhase section */
		ECB4BA89171B262A00F6E00E /* Resources */ = {
			isa = PBXResourcesBuildPhase;
			buildActionMask = 2147483647;
			files = (
				ECB4BA99171B262A00F6E00E /* InfoPlist.strings in Resources */,
				ECB4BAA1171B262B00F6E00E /* Default.png in Resources */,
				ECB4BAA3171B262B00F6E00E /* Default@2x.png in Resources */,
				ECB4BAA5171B262B00F6E00E /* Default-568h@2x.png in Resources */,
				ECB4BAA8171B262B00F6E00E /* MainStoryboard.storyboard in Resources */,
			);
			runOnlyForDeploymentPostprocessing = 0;
		};
/* End PBXResourcesBuildPhase section */

/* Begin PBXSourcesBuildPhase section */
		ECB4BA87171B262A00F6E00E /* Sources */ = {
			isa = PBXSourcesBuildPhase;
			buildActionMask = 2147483647;
			files = (
				ECB4BA9B171B262B00F6E00E /* main.m in Sources */,
				ECB4BA9F171B262B00F6E00E /* PickerAppDelegate.m in Sources */,
				ECB4BAAB171B262B00F6E00E /* PickerViewController.m in Sources */,
			);
			runOnlyForDeploymentPostprocessing = 0;
		};
/* End PBXSourcesBuildPhase section */

/* Begin PBXVariantGroup section */
		ECB4BA97171B262A00F6E00E /* InfoPlist.strings */ = {
			isa = PBXVariantGroup;
			children = (
				ECB4BA98171B262A00F6E00E /* en */,
			);
			name = InfoPlist.strings;
			sourceTree = "<group>";
		};
		ECB4BAA6171B262B00F6E00E /* MainStoryboard.storyboard */ = {
			isa = PBXVariantGroup;
			children = (
				ECB4BAA7171B262B00F6E00E /* en */,
			);
			name = MainStoryboard.storyboard;
			sourceTree = "<group>";
		};
/* End PBXVariantGroup section */

/* Begin XCBuildConfiguration section */
		ECB4BAAC171B262B00F6E00E /* Debug */ = {
			isa = XCBuildConfiguration;
			buildSettings = {
				ALWAYS_SEARCH_USER_PATHS = NO;
				CLANG_CXX_LANGUAGE_STANDARD = "gnu++0x";
				CLANG_CXX_LIBRARY = "libc++";
				CLANG_ENABLE_OBJC_ARC = YES;
				CLANG_WARN_CONSTANT_CONVERSION = YES;
				CLANG_WARN_EMPTY_BODY = YES;
				CLANG_WARN_ENUM_CONVERSION = YES;
				CLANG_WARN_INT_CONVERSION = YES;
				CLANG_WARN__DUPLICATE_METHOD_MATCH = YES;
				"CODE_SIGN_IDENTITY[sdk=iphoneos*]" = "iPhone Developer";
				COPY_PHASE_STRIP = NO;
				GCC_C_LANGUAGE_STANDARD = gnu99;
				GCC_DYNAMIC_NO_PIC = NO;
				GCC_OPTIMIZATION_LEVEL = 0;
				GCC_PREPROCESSOR_DEFINITIONS = (
					"DEBUG=1",
					"$(inherited)",
				);
				GCC_SYMBOLS_PRIVATE_EXTERN = NO;
				GCC_WARN_ABOUT_RETURN_TYPE = YES;
				GCC_WARN_UNINITIALIZED_AUTOS = YES;
				GCC_WARN_UNUSED_VARIABLE = YES;
				IPHONEOS_DEPLOYMENT_TARGET = 6.1;
				ONLY_ACTIVE_ARCH = YES;
				SDKROOT = iphoneos;
			};
			name = Debug;
		};
		ECB4BAAD171B262B00F6E00E /* Release */ = {
			isa = XCBuildConfiguration;
			buildSettings = {
				ALWAYS_SEARCH_USER_PATHS = NO;
				CLANG_CXX_LANGUAGE_STANDARD = "gnu++0x";
				CLANG_CXX_LIBRARY = "libc++";
				CLANG_ENABLE_OBJC_ARC = YES;
				CLANG_WARN_CONSTANT_CONVERSION = YES;
				CLANG_WARN_EMPTY_BODY = YES;
				CLANG_WARN_ENUM_CONVERSION = YES;
				CLANG_WARN_INT_CONVERSION = YES;
				CLANG_WARN__DUPLICATE_METHOD_MATCH = YES;
				"CODE_SIGN_IDENTITY[sdk=iphoneos*]" = "iPhone Developer";
				COPY_PHASE_STRIP = YES;
				GCC_C_LANGUAGE_STANDARD = gnu99;
				GCC_WARN_ABOUT_RETURN_TYPE = YES;
				GCC_WARN_UNINITIALIZED_AUTOS = YES;
				GCC_WARN_UNUSED_VARIABLE = YES;
				IPHONEOS_DEPLOYMENT_TARGET = 6.1;
				OTHER_CFLAGS = "-DNS_BLOCK_ASSERTIONS=1";
				SDKROOT = iphoneos;
				VALIDATE_PRODUCT = YES;
			};
			name = Release;
		};
		ECB4BAAF171B262B00F6E00E /* Debug */ = {
			isa = XCBuildConfiguration;
			buildSettings = {
				GCC_PRECOMPILE_PREFIX_HEADER = YES;
				GCC_PREFIX_HEADER = "Picker/Picker-Prefix.pch";
				INFOPLIST_FILE = "Picker/Picker-Info.plist";
				PRODUCT_NAME = "$(TARGET_NAME)";
				WRAPPER_EXTENSION = app;
			};
			name = Debug;
		};
		ECB4BAB0171B262B00F6E00E /* Release */ = {
			isa = XCBuildConfiguration;
			buildSettings = {
				GCC_PRECOMPILE_PREFIX_HEADER = YES;
				GCC_PREFIX_HEADER = "Picker/Picker-Prefix.pch";
				INFOPLIST_FILE = "Picker/Picker-Info.plist";
				PRODUCT_NAME = "$(TARGET_NAME)";
				WRAPPER_EXTENSION = app;
			};
			name = Release;
		};
/* End XCBuildConfiguration section */

/* Begin XCConfigurationList section */
		ECB4BA86171B262A00F6E00E /* Build configuration list for PBXProject "Picker" */ = {
			isa = XCConfigurationList;
			buildConfigurations = (
				ECB4BAAC171B262B00F6E00E /* Debug */,
				ECB4BAAD171B262B00F6E00E /* Release */,
			);
			defaultConfigurationIsVisible = 0;
			defaultConfigurationName = Release;
		};
		ECB4BAAE171B262B00F6E00E /* Build configuration list for PBXNativeTarget "Picker" */ = {
			isa = XCConfigurationList;
			buildConfigurations = (
				ECB4BAAF171B262B00F6E00E /* Debug */,
				ECB4BAB0171B262B00F6E00E /* Release */,
			);
			defaultConfigurationIsVisible = 0;
		};
/* End XCConfigurationList section */
	};
	rootObject = ECB4BA83171B262A00F6E00E /* Project object */;
}
